
Microsoft Visual Studio Solution File, Format Version 12.00
# Visual Studio 15
VisualStudioVersion = 15.0.27004.2002
MinimumVisualStudioVersion = 10.0.40219.1
Project("{FAE04EC0-301F-11D3-BF4B-00C04F79EFBC}") = "AllinOne2017", "AllinOne2017\AllinOne2017.csproj", "{4981A44A-D338-4F9C-B923-76CD74D4E48B}"
EndProject
Global
	GlobalSection(SolutionConfigurationPlatforms) = preSolution
		Debug|x86 = Debug|x86
		Release|x86 = Release|x86
	EndGlobalSection
	GlobalSection(ProjectConfigurationPlatforms) = postSolution
		{4981A44A-D338-4F9C-B923-76CD74D4E48B}.Debug|x86.ActiveCfg = Debug|x86
		{4981A44A-D338-4F9C-B923-76CD74D4E48B}.Debug|x86.Build.0 = Debug|x86
		{4981A44A-D338-4F9C-B923-76CD74D4E48B}.Release|x86.ActiveCfg = Release|x86
		{4981A44A-D338-4F9C-B923-76CD74D4E48B}.Release|x86.Build.0 = Release|x86
	EndGlobalSection
	GlobalSection(SolutionProperties) = preSolution
		HideSolutionNode = FALSE
	EndGlobalSection
	GlobalSection(ExtensibilityGlobals) = postSolution
		SolutionGuid = {15B59452-E49E-4463-A886-E4CC6B505D3F}
	EndGlobalSection
EndGlobal
